
Microsoft Visual Studio Solution File, Format Version 12.00
# Visual Studio 15
VisualStudioVersion = 15.0.28307.645
MinimumVisualStudioVersion = 10.0.40219.1
Project("{FAE04EC0-301F-11D3-BF4B-00C04F79EFBC}") = "Gtk-BackgroundImage", "Gtk-BackgroundImage\Gtk-BackgroundImage\Gtk-BackgroundImage.csproj", "{9DF985F2-5773-42CA-9B5B-CF5463A16AF4}"
EndProject
Project("{FAE04EC0-301F-11D3-BF4B-00C04F79EFBC}") = "Gtk-BackgroundImage.GTK", "Gtk-BackgroundImage.GTK\Gtk-BackgroundImage.GTK.csproj", "{6E3445D4-301E-4089-A8A3-2F160E90F30E}"
EndProject
Global
	GlobalSection(SolutionConfigurationPlatforms) = preSolution
		Debug|Any CPU = Debug|Any CPU
		Release|Any CPU = Release|Any CPU
	EndGlobalSection
	GlobalSection(ProjectConfigurationPlatforms) = postSolution
		{9DF985F2-5773-42CA-9B5B-CF5463A16AF4}.Debug|Any CPU.ActiveCfg = Debug|Any CPU
		{9DF985F2-5773-42CA-9B5B-CF5463A16AF4}.Debug|Any CPU.Build.0 = Debug|Any CPU
		{9DF985F2-5773-42CA-9B5B-CF5463A16AF4}.Debug|Any CPU.Deploy.0 = Debug|Any CPU
		{9DF985F2-5773-42CA-9B5B-CF5463A16AF4}.Release|Any CPU.ActiveCfg = Release|Any CPU
		{9DF985F2-5773-42CA-9B5B-CF5463A16AF4}.Release|Any CPU.Build.0 = Release|Any CPU
		{9DF985F2-5773-42CA-9B5B-CF5463A16AF4}.Release|Any CPU.Deploy.0 = Release|Any CPU
		{6E3445D4-301E-4089-A8A3-2F160E90F30E}.Debug|Any CPU.ActiveCfg = Debug|Any CPU
		{6E3445D4-301E-4089-A8A3-2F160E90F30E}.Debug|Any CPU.Build.0 = Debug|Any CPU
		{6E3445D4-301E-4089-A8A3-2F160E90F30E}.Release|Any CPU.ActiveCfg = Release|Any CPU
		{6E3445D4-301E-4089-A8A3-2F160E90F30E}.Release|Any CPU.Build.0 = Release|Any CPU
	EndGlobalSection
	GlobalSection(SolutionProperties) = preSolution
		HideSolutionNode = FALSE
	EndGlobalSection
	GlobalSection(ExtensibilityGlobals) = postSolution
		SolutionGuid = {BF76BEA7-DE34-4D6F-ACD3-0C497D9BD6D8}
	EndGlobalSection
EndGlobal
